
Microsoft Visual Studio Solution File, Format Version 12.00
# Visual Studio 15
VisualStudioVersion = 15.0.26228.12
MinimumVisualStudioVersion = 10.0.40219.1
Project("{FAE04EC0-301F-11D3-BF4B-00C04F79EFBC}") = "XMLToAnyViewParser.Service", "XMLToAnyViewParser.Service\XMLToAnyViewParser.Service.csproj", "{490181C7-736F-4446-922F-6322DBCD0852}"
EndProject
Project("{FAE04EC0-301F-11D3-BF4B-00C04F79EFBC}") = "XMLToAnyViewParser.Models", "XMLToAnyViewParser.Models\XMLToAnyViewParser.Models.csproj", "{64E52528-AA2F-4131-8017-B8EE37AF0B63}"
EndProject
Project("{FAE04EC0-301F-11D3-BF4B-00C04F79EFBC}") = "XMLToAnyViewParser.BLL", "XMLToAnyViewParser.BLL\XMLToAnyViewParser.BLL.csproj", "{D0434711-748B-43F1-98C5-0B8BDACB4824}"
EndProject
Project("{2150E333-8FDC-42A3-9474-1A3956D46DE8}") = "Service", "Service", "{5D796E88-1485-4091-B1CD-B2DCBAE6C1A4}"
EndProject
Project("{2150E333-8FDC-42A3-9474-1A3956D46DE8}") = "Clients", "Clients", "{8E25BCEA-BAD9-4ACE-95A1-8335A3093023}"
EndProject
Project("{E24C65DC-7377-472B-9ABA-BC803B73C61A}") = "XMLToAnyViewParser.WebClient", "..\XMLToAnyViewParser.WebClient\", "{033DEC0E-4AAA-49B8-BDD0-D8F5ADCEF339}"
	ProjectSection(WebsiteProperties) = preProject
		TargetFrameworkMoniker = ".NETFramework,Version%3Dv4.5.2"
		Debug.AspNetCompiler.VirtualPath = "/localhost_55899"
		Debug.AspNetCompiler.PhysicalPath = "..\XMLToAnyViewParser.WebClient\"
		Debug.AspNetCompiler.TargetPath = "PrecompiledWeb\localhost_55899\"
		Debug.AspNetCompiler.Updateable = "true"
		Debug.AspNetCompiler.ForceOverwrite = "true"
		Debug.AspNetCompiler.FixedNames = "false"
		Debug.AspNetCompiler.Debug = "True"
		Release.AspNetCompiler.VirtualPath = "/localhost_55899"
		Release.AspNetCompiler.PhysicalPath = "..\XMLToAnyViewParser.WebClient\"
		Release.AspNetCompiler.TargetPath = "PrecompiledWeb\localhost_55899\"
		Release.AspNetCompiler.Updateable = "true"
		Release.AspNetCompiler.ForceOverwrite = "true"
		Release.AspNetCompiler.FixedNames = "false"
		Release.AspNetCompiler.Debug = "False"
		VWDPort = "55899"
		DefaultWebSiteLanguage = "Visual C#"
	EndProjectSection
EndProject
Project("{2150E333-8FDC-42A3-9474-1A3956D46DE8}") = "Data", "Data", "{BE1D3744-F757-4D71-A2F5-00D40296D85B}"
EndProject
Project("{00D1A9C2-B5F0-4AF3-8072-F6C62B433612}") = "XMLToAnyViewParser.Sql", "XMLToAnyViewParser.Sql\XMLToAnyViewParser.Sql.sqlproj", "{680E92D7-2E24-4D2E-8A3C-14659201100A}"
EndProject
Project("{FAE04EC0-301F-11D3-BF4B-00C04F79EFBC}") = "XMLToAnyViewParser.Data", "XMLToAnyViewParser.Data\XMLToAnyViewParser.Data.csproj", "{18290FBF-8E12-4112-B204-D4F877A84E27}"
EndProject
Project("{FAE04EC0-301F-11D3-BF4B-00C04F79EFBC}") = "XMLToAnyViewParser.Entities", "XMLToAnyViewParser.Entities\XMLToAnyViewParser.Entities.csproj", "{A19BDEE9-4644-4572-8305-EEB0E8187568}"
EndProject
Project("{FAE04EC0-301F-11D3-BF4B-00C04F79EFBC}") = "XMLToAnyViewParser.Data.Model", "XMLToAnyViewParser.Data.Model\XMLToAnyViewParser.Data.Model.csproj", "{902BCB1D-1078-4E4D-8B97-F03CA5832127}"
EndProject
Project("{FAE04EC0-301F-11D3-BF4B-00C04F79EFBC}") = "XMLToAnyViewParser.Common", "XMLToAnyViewParser.Common\XMLToAnyViewParser.Common.csproj", "{E04445F9-366D-4F2F-A676-B1686BA89371}"
EndProject
Project("{FAE04EC0-301F-11D3-BF4B-00C04F79EFBC}") = "XMLToAnyViewParser.DesktopClient", "XMLToAnyViewParser.DesktopClient\XMLToAnyViewParser.DesktopClient.csproj", "{94B929F1-667E-4625-8865-54DE87B982D3}"
EndProject
Global
	GlobalSection(SolutionConfigurationPlatforms) = preSolution
		Debug|Any CPU = Debug|Any CPU
		Release|Any CPU = Release|Any CPU
	EndGlobalSection
	GlobalSection(ProjectConfigurationPlatforms) = postSolution
		{490181C7-736F-4446-922F-6322DBCD0852}.Debug|Any CPU.ActiveCfg = Release|Any CPU
		{490181C7-736F-4446-922F-6322DBCD0852}.Debug|Any CPU.Build.0 = Release|Any CPU
		{490181C7-736F-4446-922F-6322DBCD0852}.Release|Any CPU.ActiveCfg = Release|Any CPU
		{490181C7-736F-4446-922F-6322DBCD0852}.Release|Any CPU.Build.0 = Release|Any CPU
		{64E52528-AA2F-4131-8017-B8EE37AF0B63}.Debug|Any CPU.ActiveCfg = Release|Any CPU
		{64E52528-AA2F-4131-8017-B8EE37AF0B63}.Debug|Any CPU.Build.0 = Release|Any CPU
		{64E52528-AA2F-4131-8017-B8EE37AF0B63}.Release|Any CPU.ActiveCfg = Release|Any CPU
		{64E52528-AA2F-4131-8017-B8EE37AF0B63}.Release|Any CPU.Build.0 = Release|Any CPU
		{D0434711-748B-43F1-98C5-0B8BDACB4824}.Debug|Any CPU.ActiveCfg = Release|Any CPU
		{D0434711-748B-43F1-98C5-0B8BDACB4824}.Debug|Any CPU.Build.0 = Release|Any CPU
		{D0434711-748B-43F1-98C5-0B8BDACB4824}.Release|Any CPU.ActiveCfg = Release|Any CPU
		{D0434711-748B-43F1-98C5-0B8BDACB4824}.Release|Any CPU.Build.0 = Release|Any CPU
		{033DEC0E-4AAA-49B8-BDD0-D8F5ADCEF339}.Debug|Any CPU.ActiveCfg = Debug|Any CPU
		{033DEC0E-4AAA-49B8-BDD0-D8F5ADCEF339}.Debug|Any CPU.Build.0 = Debug|Any CPU
		{033DEC0E-4AAA-49B8-BDD0-D8F5ADCEF339}.Release|Any CPU.ActiveCfg = Debug|Any CPU
		{033DEC0E-4AAA-49B8-BDD0-D8F5ADCEF339}.Release|Any CPU.Build.0 = Debug|Any CPU
		{680E92D7-2E24-4D2E-8A3C-14659201100A}.Debug|Any CPU.ActiveCfg = Release|Any CPU
		{680E92D7-2E24-4D2E-8A3C-14659201100A}.Debug|Any CPU.Build.0 = Release|Any CPU
		{680E92D7-2E24-4D2E-8A3C-14659201100A}.Debug|Any CPU.Deploy.0 = Release|Any CPU
		{680E92D7-2E24-4D2E-8A3C-14659201100A}.Release|Any CPU.ActiveCfg = Release|Any CPU
		{680E92D7-2E24-4D2E-8A3C-14659201100A}.Release|Any CPU.Build.0 = Release|Any CPU
		{680E92D7-2E24-4D2E-8A3C-14659201100A}.Release|Any CPU.Deploy.0 = Release|Any CPU
		{18290FBF-8E12-4112-B204-D4F877A84E27}.Debug|Any CPU.ActiveCfg = Release|Any CPU
		{18290FBF-8E12-4112-B204-D4F877A84E27}.Debug|Any CPU.Build.0 = Release|Any CPU
		{18290FBF-8E12-4112-B204-D4F877A84E27}.Release|Any CPU.ActiveCfg = Release|Any CPU
		{18290FBF-8E12-4112-B204-D4F877A84E27}.Release|Any CPU.Build.0 = Release|Any CPU
		{A19BDEE9-4644-4572-8305-EEB0E8187568}.Debug|Any CPU.ActiveCfg = Release|Any CPU
		{A19BDEE9-4644-4572-8305-EEB0E8187568}.Debug|Any CPU.Build.0 = Release|Any CPU
		{A19BDEE9-4644-4572-8305-EEB0E8187568}.Release|Any CPU.ActiveCfg = Release|Any CPU
		{A19BDEE9-4644-4572-8305-EEB0E8187568}.Release|Any CPU.Build.0 = Release|Any CPU
		{902BCB1D-1078-4E4D-8B97-F03CA5832127}.Debug|Any CPU.ActiveCfg = Release|Any CPU
		{902BCB1D-1078-4E4D-8B97-F03CA5832127}.Debug|Any CPU.Build.0 = Release|Any CPU
		{902BCB1D-1078-4E4D-8B97-F03CA5832127}.Release|Any CPU.ActiveCfg = Release|Any CPU
		{902BCB1D-1078-4E4D-8B97-F03CA5832127}.Release|Any CPU.Build.0 = Release|Any CPU
		{E04445F9-366D-4F2F-A676-B1686BA89371}.Debug|Any CPU.ActiveCfg = Release|Any CPU
		{E04445F9-366D-4F2F-A676-B1686BA89371}.Debug|Any CPU.Build.0 = Release|Any CPU
		{E04445F9-366D-4F2F-A676-B1686BA89371}.Release|Any CPU.ActiveCfg = Release|Any CPU
		{E04445F9-366D-4F2F-A676-B1686BA89371}.Release|Any CPU.Build.0 = Release|Any CPU
		{94B929F1-667E-4625-8865-54DE87B982D3}.Debug|Any CPU.ActiveCfg = Release|Any CPU
		{94B929F1-667E-4625-8865-54DE87B982D3}.Debug|Any CPU.Build.0 = Release|Any CPU
		{94B929F1-667E-4625-8865-54DE87B982D3}.Release|Any CPU.ActiveCfg = Release|Any CPU
		{94B929F1-667E-4625-8865-54DE87B982D3}.Release|Any CPU.Build.0 = Release|Any CPU
	EndGlobalSection
	GlobalSection(SolutionProperties) = preSolution
		HideSolutionNode = FALSE
	EndGlobalSection
	GlobalSection(NestedProjects) = preSolution
		{490181C7-736F-4446-922F-6322DBCD0852} = {5D796E88-1485-4091-B1CD-B2DCBAE6C1A4}
		{64E52528-AA2F-4131-8017-B8EE37AF0B63} = {5D796E88-1485-4091-B1CD-B2DCBAE6C1A4}
		{D0434711-748B-43F1-98C5-0B8BDACB4824} = {5D796E88-1485-4091-B1CD-B2DCBAE6C1A4}
		{033DEC0E-4AAA-49B8-BDD0-D8F5ADCEF339} = {8E25BCEA-BAD9-4ACE-95A1-8335A3093023}
		{680E92D7-2E24-4D2E-8A3C-14659201100A} = {BE1D3744-F757-4D71-A2F5-00D40296D85B}
		{18290FBF-8E12-4112-B204-D4F877A84E27} = {BE1D3744-F757-4D71-A2F5-00D40296D85B}
		{A19BDEE9-4644-4572-8305-EEB0E8187568} = {BE1D3744-F757-4D71-A2F5-00D40296D85B}
		{902BCB1D-1078-4E4D-8B97-F03CA5832127} = {BE1D3744-F757-4D71-A2F5-00D40296D85B}
		{E04445F9-366D-4F2F-A676-B1686BA89371} = {5D796E88-1485-4091-B1CD-B2DCBAE6C1A4}
		{94B929F1-667E-4625-8865-54DE87B982D3} = {8E25BCEA-BAD9-4ACE-95A1-8335A3093023}
	EndGlobalSection
EndGlobal
